// !$*UTF8*$!
{
	archiveVersion = 1;
	classes = {
	};
	objectVersion = 51;
	objects = {

/* Begin PBXBuildFile section */
		5C29E55F2674193700EE9BE2 /* DetailVC.swift in Sources */ = {isa = PBXBuildFile; fileRef = 5C29E55E2674193700EE9BE2 /* DetailVC.swift */; };
		5C46B91E2672895600F8102C /* AppDelegate.swift in Sources */ = {isa = PBXBuildFile; fileRef = 5C46B91D2672895600F8102C /* AppDelegate.swift */; };
		5C46B9202672895600F8102C /* SceneDelegate.swift in Sources */ = {isa = PBXBuildFile; fileRef = 5C46B91F2672895600F8102C /* SceneDelegate.swift */; };
		5C46B9222672895600F8102C /* GitSearchVC.swift in Sources */ = {isa = PBXBuildFile; fileRef = 5C46B9212672895600F8102C /* GitSearchVC.swift */; };
		5C46B9252672895600F8102C /* Main.storyboard in Resources */ = {isa = PBXBuildFile; fileRef = 5C46B9232672895600F8102C /* Main.storyboard */; };
		5C46B9272672895800F8102C /* Assets.xcassets in Resources */ = {isa = PBXBuildFile; fileRef = 5C46B9262672895800F8102C /* Assets.xcassets */; };
		5C46B92A2672895800F8102C /* LaunchScreen.storyboard in Resources */ = {isa = PBXBuildFile; fileRef = 5C46B9282672895800F8102C /* LaunchScreen.storyboard */; };
		5C46B93F2672A8D500F8102C /* GitResultsTVC.swift in Sources */ = {isa = PBXBuildFile; fileRef = 5C46B93E2672A8D500F8102C /* GitResultsTVC.swift */; };
		5C46B9432672AD1600F8102C /* GitRepo.swift in Sources */ = {isa = PBXBuildFile; fileRef = 5C46B9422672AD1600F8102C /* GitRepo.swift */; };
		5C46B9462672B1BA00F8102C /* GitService.swift in Sources */ = {isa = PBXBuildFile; fileRef = 5C46B9452672B1BA00F8102C /* GitService.swift */; };
		A53898957880E59A7CFF114F /* Pods_GitSearch.framework in Frameworks */ = {isa = PBXBuildFile; fileRef = 7ED66525B6DACB86D292FD8C /* Pods_GitSearch.framework */; };
/* End PBXBuildFile section */

/* Begin PBXFileReference section */
		050E44173547DE0A3A4EE973 /* Pods-GitSearch.release.xcconfig */ = {isa = PBXFileReference; includeInIndex = 1; lastKnownFileType = text.xcconfig; name = "Pods-GitSearch.release.xcconfig"; path = "Target Support Files/Pods-GitSearch/Pods-GitSearch.release.xcconfig"; sourceTree = "<group>"; };
		5C29E55E2674193700EE9BE2 /* DetailVC.swift */ = {isa = PBXFileReference; lastKnownFileType = sourcecode.swift; path = DetailVC.swift; sourceTree = "<group>"; };
		5C46B91A2672895600F8102C /* GitSearch.app */ = {isa = PBXFileReference; explicitFileType = wrapper.application; includeInIndex = 0; path = GitSearch.app; sourceTree = BUILT_PRODUCTS_DIR; };
		5C46B91D2672895600F8102C /* AppDelegate.swift */ = {isa = PBXFileReference; lastKnownFileType = sourcecode.swift; path = AppDelegate.swift; sourceTree = "<group>"; };
		5C46B91F2672895600F8102C /* SceneDelegate.swift */ = {isa = PBXFileReference; lastKnownFileType = sourcecode.swift; path = SceneDelegate.swift; sourceTree = "<group>"; };
		5C46B9212672895600F8102C /* GitSearchVC.swift */ = {isa = PBXFileReference; lastKnownFileType = sourcecode.swift; path = GitSearchVC.swift; sourceTree = "<group>"; };
		5C46B9242672895600F8102C /* Base */ = {isa = PBXFileReference; lastKnownFileType = file.storyboard; name = Base; path = Base.lproj/Main.storyboard; sourceTree = "<group>"; };
		5C46B9262672895800F8102C /* Assets.xcassets */ = {isa = PBXFileReference; lastKnownFileType = folder.assetcatalog; path = Assets.xcassets; sourceTree = "<group>"; };
		5C46B9292672895800F8102C /* Base */ = {isa = PBXFileReference; lastKnownFileType = file.storyboard; name = Base; path = Base.lproj/LaunchScreen.storyboard; sourceTree = "<group>"; };
		5C46B92B2672895800F8102C /* Info.plist */ = {isa = PBXFileReference; lastKnownFileType = text.plist.xml; path = Info.plist; sourceTree = "<group>"; };
		5C46B93E2672A8D500F8102C /* GitResultsTVC.swift */ = {isa = PBXFileReference; lastKnownFileType = sourcecode.swift; path = GitResultsTVC.swift; sourceTree = "<group>"; };
		5C46B9422672AD1600F8102C /* GitRepo.swift */ = {isa = PBXFileReference; lastKnownFileType = sourcecode.swift; path = GitRepo.swift; sourceTree = "<group>"; };
		5C46B9452672B1BA00F8102C /* GitService.swift */ = {isa = PBXFileReference; lastKnownFileType = sourcecode.swift; path = GitService.swift; sourceTree = "<group>"; };
		7ED66525B6DACB86D292FD8C /* Pods_GitSearch.framework */ = {isa = PBXFileReference; explicitFileType = wrapper.framework; includeInIndex = 0; path = Pods_GitSearch.framework; sourceTree = BUILT_PRODUCTS_DIR; };
		98761EF700287E5E00424FD2 /* Pods-GitSearch.debug.xcconfig */ = {isa = PBXFileReference; includeInIndex = 1; lastKnownFileType = text.xcconfig; name = "Pods-GitSearch.debug.xcconfig"; path = "Target Support Files/Pods-GitSearch/Pods-GitSearch.debug.xcconfig"; sourceTree = "<group>"; };
/* End PBXFileReference section */

/* Begin PBXFrameworksBuildPhase section */
		5C46B9172672895600F8102C /* Frameworks */ = {
			isa = PBXFrameworksBuildPhase;
			buildActionMask = 2147483647;
			files = (
				A53898957880E59A7CFF114F /* Pods_GitSearch.framework in Frameworks */,
			);
			runOnlyForDeploymentPostprocessing = 0;
		};
/* End PBXFrameworksBuildPhase section */

/* Begin PBXGroup section */
		5C46B9112672895600F8102C = {
			isa = PBXGroup;
			children = (
				5C46B91C2672895600F8102C /* GitSearch */,
				5C46B91B2672895600F8102C /* Products */,
				702D723CBC38D80B765ABD91 /* Pods */,
				7380E6E5DC9BC0CF1FBCA99D /* Frameworks */,
			);
			sourceTree = "<group>";
		};
		5C46B91B2672895600F8102C /* Products */ = {
			isa = PBXGroup;
			children = (
				5C46B91A2672895600F8102C /* GitSearch.app */,
			);
			name = Products;
			sourceTree = "<group>";
		};
		5C46B91C2672895600F8102C /* GitSearch */ = {
			isa = PBXGroup;
			children = (
				5C46B938267289C200F8102C /* Model */,
				5C46B937267289BA00F8102C /* View */,
				5C46B935267289B100F8102C /* Controller */,
				5C46B9332672899800F8102C /* SupportingFiles */,
				5C46B92B2672895800F8102C /* Info.plist */,
			);
			path = GitSearch;
			sourceTree = "<group>";
		};
		5C46B9332672899800F8102C /* SupportingFiles */ = {
			isa = PBXGroup;
			children = (
				5C46B91D2672895600F8102C /* AppDelegate.swift */,
				5C46B91F2672895600F8102C /* SceneDelegate.swift */,
				5C46B9262672895800F8102C /* Assets.xcassets */,
				5C46B9282672895800F8102C /* LaunchScreen.storyboard */,
			);
			path = SupportingFiles;
			sourceTree = "<group>";
		};
		5C46B935267289B100F8102C /* Controller */ = {
			isa = PBXGroup;
			children = (
				5C46B9212672895600F8102C /* GitSearchVC.swift */,
				5C46B93E2672A8D500F8102C /* GitResultsTVC.swift */,
				5C29E55E2674193700EE9BE2 /* DetailVC.swift */,
			);
			path = Controller;
			sourceTree = "<group>";
		};
		5C46B937267289BA00F8102C /* View */ = {
			isa = PBXGroup;
			children = (
				5C46B9232672895600F8102C /* Main.storyboard */,
			);
			path = View;
			sourceTree = "<group>";
		};
		5C46B938267289C200F8102C /* Model */ = {
			isa = PBXGroup;
			children = (
				5C46B9422672AD1600F8102C /* GitRepo.swift */,
				5C46B9452672B1BA00F8102C /* GitService.swift */,
			);
			path = Model;
			sourceTree = "<group>";
		};
		702D723CBC38D80B765ABD91 /* Pods */ = {
			isa = PBXGroup;
			children = (
				98761EF700287E5E00424FD2 /* Pods-GitSearch.debug.xcconfig */,
				050E44173547DE0A3A4EE973 /* Pods-GitSearch.release.xcconfig */,
			);
			path = Pods;
			sourceTree = "<group>";
		};
		7380E6E5DC9BC0CF1FBCA99D /* Frameworks */ = {
			isa = PBXGroup;
			children = (
				7ED66525B6DACB86D292FD8C /* Pods_GitSearch.framework */,
			);
			name = Frameworks;
			sourceTree = "<group>";
		};
/* End PBXGroup section */

/* Begin PBXNativeTarget section */
		5C46B9192672895600F8102C /* GitSearch */ = {
			isa = PBXNativeTarget;
			buildConfigurationList = 5C46B92E2672895800F8102C /* Build configuration list for PBXNativeTarget "GitSearch" */;
			buildPhases = (
				FC650354B5426613191330F2 /* [CP] Check Pods Manifest.lock */,
				5C46B9162672895600F8102C /* Sources */,
				5C46B9172672895600F8102C /* Frameworks */,
				5C46B9182672895600F8102C /* Resources */,
				E3EF7B7D2F94A712217E34E8 /* [CP] Embed Pods Frameworks */,
			);
			buildRules = (
			);
			dependencies = (
			);
			name = GitSearch;
			productName = GitSearch;
			productReference = 5C46B91A2672895600F8102C /* GitSearch.app */;
			productType = "com.apple.product-type.application";
		};
/* End PBXNativeTarget section */

/* Begin PBXProject section */
		5C46B9122672895600F8102C /* Project object */ = {
			isa = PBXProject;
			attributes = {
				LastSwiftUpdateCheck = 1240;
				LastUpgradeCheck = 1240;
				TargetAttributes = {
					5C46B9192672895600F8102C = {
						CreatedOnToolsVersion = 12.4;
					};
				};
			};
			buildConfigurationList = 5C46B9152672895600F8102C /* Build configuration list for PBXProject "GitSearch" */;
			compatibilityVersion = "Xcode 9.3";
			developmentRegion = en;
			hasScannedForEncodings = 0;
			knownRegions = (
				en,
				Base,
			);
			mainGroup = 5C46B9112672895600F8102C;
			productRefGroup = 5C46B91B2672895600F8102C /* Products */;
			projectDirPath = "";
			projectRoot = "";
			targets = (
				5C46B9192672895600F8102C /* GitSearch */,
			);
		};
/* End PBXProject section */

/* Begin PBXResourcesBuildPhase section */
		5C46B9182672895600F8102C /* Resources */ = {
			isa = PBXResourcesBuildPhase;
			buildActionMask = 2147483647;
			files = (
				5C46B92A2672895800F8102C /* LaunchScreen.storyboard in Resources */,
				5C46B9272672895800F8102C /* Assets.xcassets in Resources */,
				5C46B9252672895600F8102C /* Main.storyboard in Resources */,
			);
			runOnlyForDeploymentPostprocessing = 0;
		};
/* End PBXResourcesBuildPhase section */

/* Begin PBXShellScriptBuildPhase section */
		E3EF7B7D2F94A712217E34E8 /* [CP] Embed Pods Frameworks */ = {
			isa = PBXShellScriptBuildPhase;
			buildActionMask = 2147483647;
			files = (
			);
			inputFileListPaths = (
				"${PODS_ROOT}/Target Support Files/Pods-GitSearch/Pods-GitSearch-frameworks-${CONFIGURATION}-input-files.xcfilelist",
			);
			name = "[CP] Embed Pods Frameworks";
			outputFileListPaths = (
				"${PODS_ROOT}/Target Support Files/Pods-GitSearch/Pods-GitSearch-frameworks-${CONFIGURATION}-output-files.xcfilelist",
			);
			runOnlyForDeploymentPostprocessing = 0;
			shellPath = /bin/sh;
			shellScript = "\"${PODS_ROOT}/Target Support Files/Pods-GitSearch/Pods-GitSearch-frameworks.sh\"\n";
			showEnvVarsInLog = 0;
		};
		FC650354B5426613191330F2 /* [CP] Check Pods Manifest.lock */ = {
			isa = PBXShellScriptBuildPhase;
			buildActionMask = 2147483647;
			files = (
			);
			inputFileListPaths = (
			);
			inputPaths = (
				"${PODS_PODFILE_DIR_PATH}/Podfile.lock",
				"${PODS_ROOT}/Manifest.lock",
			);
			name = "[CP] Check Pods Manifest.lock";
			outputFileListPaths = (
			);
			outputPaths = (
				"$(DERIVED_FILE_DIR)/Pods-GitSearch-checkManifestLockResult.txt",
			);
			runOnlyForDeploymentPostprocessing = 0;
			shellPath = /bin/sh;
			shellScript = "diff \"${PODS_PODFILE_DIR_PATH}/Podfile.lock\" \"${PODS_ROOT}/Manifest.lock\" > /dev/null\nif [ $? != 0 ] ; then\n    # print error to STDERR\n    echo \"error: The sandbox is not in sync with the Podfile.lock. Run 'pod install' or update your CocoaPods installation.\" >&2\n    exit 1\nfi\n# This output is used by Xcode 'outputs' to avoid re-running this script phase.\necho \"SUCCESS\" > \"${SCRIPT_OUTPUT_FILE_0}\"\n";
			showEnvVarsInLog = 0;
		};
/* End PBXShellScriptBuildPhase section */

/* Begin PBXSourcesBuildPhase section */
		5C46B9162672895600F8102C /* Sources */ = {
			isa = PBXSourcesBuildPhase;
			buildActionMask = 2147483647;
			files = (
				5C46B9432672AD1600F8102C /* GitRepo.swift in Sources */,
				5C46B93F2672A8D500F8102C /* GitResultsTVC.swift in Sources */,
				5C46B9222672895600F8102C /* GitSearchVC.swift in Sources */,
				5C46B9462672B1BA00F8102C /* GitService.swift in Sources */,
				5C46B91E2672895600F8102C /* AppDelegate.swift in Sources */,
				5C46B9202672895600F8102C /* SceneDelegate.swift in Sources */,
				5C29E55F2674193700EE9BE2 /* DetailVC.swift in Sources */,
			);
			runOnlyForDeploymentPostprocessing = 0;
		};
/* End PBXSourcesBuildPhase section */

/* Begin PBXVariantGroup section */
		5C46B9232672895600F8102C /* Main.storyboard */ = {
			isa = PBXVariantGroup;
			children = (
				5C46B9242672895600F8102C /* Base */,
			);
			name = Main.storyboard;
			sourceTree = "<group>";
		};
		5C46B9282672895800F8102C /* LaunchScreen.storyboard */ = {
			isa = PBXVariantGroup;
			children = (
				5C46B9292672895800F8102C /* Base */,
			);
			name = LaunchScreen.storyboard;
			sourceTree = "<group>";
		};
/* End PBXVariantGroup section */

/* Begin XCBuildConfiguration section */
		5C46B92C2672895800F8102C /* Debug */ = {
			isa = XCBuildConfiguration;
			buildSettings = {
				ALWAYS_SEARCH_USER_PATHS = NO;
				CLANG_ANALYZER_NONNULL = YES;
				CLANG_ANALYZER_NUMBER_OBJECT_CONVERSION = YES_AGGRESSIVE;
				CLANG_CXX_LANGUAGE_STANDARD = "gnu++14";
				CLANG_CXX_LIBRARY = "libc++";
				CLANG_ENABLE_MODULES = YES;
				CLANG_ENABLE_OBJC_ARC = YES;
				CLANG_ENABLE_OBJC_WEAK = YES;
				CLANG_WARN_BLOCK_CAPTURE_AUTORELEASING = YES;
				CLANG_WARN_BOOL_CONVERSION = YES;
				CLANG_WARN_COMMA = YES;
				CLANG_WARN_CONSTANT_CONVERSION = YES;
				CLANG_WARN_DEPRECATED_OBJC_IMPLEMENTATIONS = YES;
				CLANG_WARN_DIRECT_OBJC_ISA_USAGE = YES_ERROR;
				CLANG_WARN_DOCUMENTATION_COMMENTS = YES;
				CLANG_WARN_EMPTY_BODY = YES;
				CLANG_WARN_ENUM_CONVERSION = YES;
				CLANG_WARN_INFINITE_RECURSION = YES;
				CLANG_WARN_INT_CONVERSION = YES;
				CLANG_WARN_NON_LITERAL_NULL_CONVERSION = YES;
				CLANG_WARN_OBJC_IMPLICIT_RETAIN_SELF = YES;
				CLANG_WARN_OBJC_LITERAL_CONVERSION = YES;
				CLANG_WARN_OBJC_ROOT_CLASS = YES_ERROR;
				CLANG_WARN_QUOTED_INCLUDE_IN_FRAMEWORK_HEADER = YES;
				CLANG_WARN_RANGE_LOOP_ANALYSIS = YES;
				CLANG_WARN_STRICT_PROTOTYPES = YES;
				CLANG_WARN_SUSPICIOUS_MOVE = YES;
				CLANG_WARN_UNGUARDED_AVAILABILITY = YES_AGGRESSIVE;
				CLANG_WARN_UNREACHABLE_CODE = YES;
				CLANG_WARN__DUPLICATE_METHOD_MATCH = YES;
				COPY_PHASE_STRIP = NO;
				DEBUG_INFORMATION_FORMAT = dwarf;
				ENABLE_STRICT_OBJC_MSGSEND = YES;
				ENABLE_TESTABILITY = YES;
				GCC_C_LANGUAGE_STANDARD = gnu11;
				GCC_DYNAMIC_NO_PIC = NO;
				GCC_NO_COMMON_BLOCKS = YES;
				GCC_OPTIMIZATION_LEVEL = 0;
				GCC_PREPROCESSOR_DEFINITIONS = (
					"DEBUG=1",
					"$(inherited)",
				);
				GCC_WARN_64_TO_32_BIT_CONVERSION = YES;
				GCC_WARN_ABOUT_RETURN_TYPE = YES_ERROR;
				GCC_WARN_UNDECLARED_SELECTOR = YES;
				GCC_WARN_UNINITIALIZED_AUTOS = YES_AGGRESSIVE;
				GCC_WARN_UNUSED_FUNCTION = YES;
				GCC_WARN_UNUSED_VARIABLE = YES;
				IPHONEOS_DEPLOYMENT_TARGET = 14.4;
				MTL_ENABLE_DEBUG_INFO = INCLUDE_SOURCE;
				MTL_FAST_MATH = YES;
				ONLY_ACTIVE_ARCH = YES;
				SDKROOT = iphoneos;
				SWIFT_ACTIVE_COMPILATION_CONDITIONS = DEBUG;
				SWIFT_OPTIMIZATION_LEVEL = "-Onone";
			};
			name = Debug;
		};
		5C46B92D2672895800F8102C /* Release */ = {
			isa = XCBuildConfiguration;
			buildSettings = {
				ALWAYS_SEARCH_USER_PATHS = NO;
				CLANG_ANALYZER_NONNULL = YES;
				CLANG_ANALYZER_NUMBER_OBJECT_CONVERSION = YES_AGGRESSIVE;
				CLANG_CXX_LANGUAGE_STANDARD = "gnu++14";
				CLANG_CXX_LIBRARY = "libc++";
				CLANG_ENABLE_MODULES = YES;
				CLANG_ENABLE_OBJC_ARC = YES;
				CLANG_ENABLE_OBJC_WEAK = YES;
				CLANG_WARN_BLOCK_CAPTURE_AUTORELEASING = YES;
				CLANG_WARN_BOOL_CONVERSION = YES;
				CLANG_WARN_COMMA = YES;
				CLANG_WARN_CONSTANT_CONVERSION = YES;
				CLANG_WARN_DEPRECATED_OBJC_IMPLEMENTATIONS = YES;
				CLANG_WARN_DIRECT_OBJC_ISA_USAGE = YES_ERROR;
				CLANG_WARN_DOCUMENTATION_COMMENTS = YES;
				CLANG_WARN_EMPTY_BODY = YES;
				CLANG_WARN_ENUM_CONVERSION = YES;
				CLANG_WARN_INFINITE_RECURSION = YES;
				CLANG_WARN_INT_CONVERSION = YES;
				CLANG_WARN_NON_LITERAL_NULL_CONVERSION = YES;
				CLANG_WARN_OBJC_IMPLICIT_RETAIN_SELF = YES;
				CLANG_WARN_OBJC_LITERAL_CONVERSION = YES;
				CLANG_WARN_OBJC_ROOT_CLASS = YES_ERROR;
				CLANG_WARN_QUOTED_INCLUDE_IN_FRAMEWORK_HEADER = YES;
				CLANG_WARN_RANGE_LOOP_ANALYSIS = YES;
				CLANG_WARN_STRICT_PROTOTYPES = YES;
				CLANG_WARN_SUSPICIOUS_MOVE = YES;
				CLANG_WARN_UNGUARDED_AVAILABILITY = YES_AGGRESSIVE;
				CLANG_WARN_UNREACHABLE_CODE = YES;
				CLANG_WARN__DUPLICATE_METHOD_MATCH = YES;
				COPY_PHASE_STRIP = NO;
				DEBUG_INFORMATION_FORMAT = "dwarf-with-dsym";
				ENABLE_NS_ASSERTIONS = NO;
				ENABLE_STRICT_OBJC_MSGSEND = YES;
				GCC_C_LANGUAGE_STANDARD = gnu11;
				GCC_NO_COMMON_BLOCKS = YES;
				GCC_WARN_64_TO_32_BIT_CONVERSION = YES;
				GCC_WARN_ABOUT_RETURN_TYPE = YES_ERROR;
				GCC_WARN_UNDECLARED_SELECTOR = YES;
				GCC_WARN_UNINITIALIZED_AUTOS = YES_AGGRESSIVE;
				GCC_WARN_UNUSED_FUNCTION = YES;
				GCC_WARN_UNUSED_VARIABLE = YES;
				IPHONEOS_DEPLOYMENT_TARGET = 14.4;
				MTL_ENABLE_DEBUG_INFO = NO;
				MTL_FAST_MATH = YES;
				SDKROOT = iphoneos;
				SWIFT_COMPILATION_MODE = wholemodule;
				SWIFT_OPTIMIZATION_LEVEL = "-O";
				VALIDATE_PRODUCT = YES;
			};
			name = Release;
		};
		5C46B92F2672895800F8102C /* Debug */ = {
			isa = XCBuildConfiguration;
			baseConfigurationReference = 98761EF700287E5E00424FD2 /* Pods-GitSearch.debug.xcconfig */;
			buildSettings = {
				ASSETCATALOG_COMPILER_APPICON_NAME = AppIcon;
				ASSETCATALOG_COMPILER_GLOBAL_ACCENT_COLOR_NAME = AccentColor;
				CODE_SIGN_STYLE = Automatic;
				INFOPLIST_FILE = GitSearch/Info.plist;
				IPHONEOS_DEPLOYMENT_TARGET = 13.0;
				LD_RUNPATH_SEARCH_PATHS = (
					"$(inherited)",
					"@executable_path/Frameworks",
				);
				PRODUCT_BUNDLE_IDENTIFIER = com.dbiskup.GitSearch;
				PRODUCT_NAME = "$(TARGET_NAME)";
				SWIFT_VERSION = 5.0;
				TARGETED_DEVICE_FAMILY = "1,2";
			};
			name = Debug;
		};
		5C46B9302672895800F8102C /* Release */ = {
			isa = XCBuildConfiguration;
			baseConfigurationReference = 050E44173547DE0A3A4EE973 /* Pods-GitSearch.release.xcconfig */;
			buildSettings = {
				ASSETCATALOG_COMPILER_APPICON_NAME = AppIcon;
				ASSETCATALOG_COMPILER_GLOBAL_ACCENT_COLOR_NAME = AccentColor;
				CODE_SIGN_STYLE = Automatic;
				INFOPLIST_FILE = GitSearch/Info.plist;
				IPHONEOS_DEPLOYMENT_TARGET = 13.0;
				LD_RUNPATH_SEARCH_PATHS = (
					"$(inherited)",
					"@executable_path/Frameworks",
				);
				PRODUCT_BUNDLE_IDENTIFIER = com.dbiskup.GitSearch;
				PRODUCT_NAME = "$(TARGET_NAME)";
				SWIFT_VERSION = 5.0;
				TARGETED_DEVICE_FAMILY = "1,2";
			};
			name = Release;
		};
/* End XCBuildConfiguration section */

/* Begin XCConfigurationList section */
		5C46B9152672895600F8102C /* Build configuration list for PBXProject "GitSearch" */ = {
			isa = XCConfigurationList;
			buildConfigurations = (
				5C46B92C2672895800F8102C /* Debug */,
				5C46B92D2672895800F8102C /* Release */,
			);
			defaultConfigurationIsVisible = 0;
			defaultConfigurationName = Release;
		};
		5C46B92E2672895800F8102C /* Build configuration list for PBXNativeTarget "GitSearch" */ = {
			isa = XCConfigurationList;
			buildConfigurations = (
				5C46B92F2672895800F8102C /* Debug */,
				5C46B9302672895800F8102C /* Release */,
			);
			defaultConfigurationIsVisible = 0;
			defaultConfigurationName = Release;
		};
/* End XCConfigurationList section */
	};
	rootObject = 5C46B9122672895600F8102C /* Project object */;
}
